
Microsoft Visual Studio Solution File, Format Version 12.00
# Visual Studio Version 17
VisualStudioVersion = 17.4.33205.214
MinimumVisualStudioVersion = 10.0.40219.1
Project("{888888A0-9F3D-457C-B088-3A5042F75D52}") = "PythonPr20", "PythonPr20\PythonPr20.pyproj", "{5808C3B3-F35A-4CDF-98D0-F9A9EA943960}"
EndProject
Global
	GlobalSection(SolutionConfigurationPlatforms) = preSolution
		Debug|Any CPU = Debug|Any CPU
		Release|Any CPU = Release|Any CPU
	EndGlobalSection
	GlobalSection(ProjectConfigurationPlatforms) = postSolution
		{5808C3B3-F35A-4CDF-98D0-F9A9EA943960}.Debug|Any CPU.ActiveCfg = Debug|Any CPU
		{5808C3B3-F35A-4CDF-98D0-F9A9EA943960}.Release|Any CPU.ActiveCfg = Release|Any CPU
	EndGlobalSection
	GlobalSection(SolutionProperties) = preSolution
		HideSolutionNode = FALSE
	EndGlobalSection
	GlobalSection(ExtensibilityGlobals) = postSolution
		SolutionGuid = {048524DA-3831-4958-A8B9-51F99E5639B7}
	EndGlobalSection
EndGlobal
